
Microsoft Visual Studio Solution File, Format Version 12.00
# Visual Studio Version 17
VisualStudioVersion = 17.7.34221.43
MinimumVisualStudioVersion = 10.0.40219.1
Project("{FAE04EC0-301F-11D3-BF4B-00C04F79EFBC}") = "精誠微雲_古皓宇sln", "精誠微雲_古皓宇sln\精誠微雲_古皓宇sln.csproj", "{39BEA7CA-1270-4BE1-9AC0-86C061CA13DA}"
EndProject
Global
	GlobalSection(SolutionConfigurationPlatforms) = preSolution
		Debug|Any CPU = Debug|Any CPU
		Release|Any CPU = Release|Any CPU
	EndGlobalSection
	GlobalSection(ProjectConfigurationPlatforms) = postSolution
		{39BEA7CA-1270-4BE1-9AC0-86C061CA13DA}.Debug|Any CPU.ActiveCfg = Debug|Any CPU
		{39BEA7CA-1270-4BE1-9AC0-86C061CA13DA}.Debug|Any CPU.Build.0 = Debug|Any CPU
		{39BEA7CA-1270-4BE1-9AC0-86C061CA13DA}.Release|Any CPU.ActiveCfg = Release|Any CPU
		{39BEA7CA-1270-4BE1-9AC0-86C061CA13DA}.Release|Any CPU.Build.0 = Release|Any CPU
	EndGlobalSection
	GlobalSection(SolutionProperties) = preSolution
		HideSolutionNode = FALSE
	EndGlobalSection
	GlobalSection(ExtensibilityGlobals) = postSolution
		SolutionGuid = {4C602031-AF94-485C-8F51-8294AD97991F}
	EndGlobalSection
EndGlobal
